{
  "name": "topogram-starters",
  "lockfileVersion": 3,
  "requires": true,
  "packages": {
    "": {
      "name": "topogram-starters",
      "workspaces": [
        "packages/*"
      ],
      "devDependencies": {
        "@topogram/cli": "^0.3.46"
      }
    },
    "node_modules/@topogram/cli": {
      "version": "0.3.46",
      "resolved": "https://registry.npmjs.org/@topogram/cli/-/cli-0.3.46.tgz",
      "integrity": "sha512-Y5sJm48wjJY9NLvCOiC1dKJj0TaP8zlnlymvos1bEx02Daoa5hf/WNiiCOUcsgL88kjZQLsosZC6xy4VcsBv1g==",
      "dev": true,
      "license": "Apache-2.0",
      "bin": {
        "topogram": "src/cli.js"
      },
      "engines": {
        "node": ">=20"
      }
    },
    "node_modules/@topogram/generator-express-api": {
      "version": "0.1.3",
      "resolved": "https://registry.npmjs.org/@topogram/generator-express-api/-/generator-express-api-0.1.3.tgz",
      "integrity": "sha512-2WopzKJRymC+CznyVSyMwbfGIMQbeW7nq3mLW0vCX1de1dUW1SBkHuI4ylehgNP3BpJ3oupYQtLc9veGojK5iw==",
      "dev": true,
      "license": "UNLICENSED"
    },
    "node_modules/@topogram/generator-hono-api": {
      "version": "0.2.7",
      "resolved": "https://registry.npmjs.org/@topogram/generator-hono-api/-/generator-hono-api-0.2.7.tgz",
      "integrity": "sha512-ExTVaWdGgkE0jXcrNubercrBYf33WO4nWQzL/GJj7p++qa95Vp05EG3kX/i52geAbDnxPTJTEdVVEDYJA4mseQ==",
      "dev": true,
      "license": "UNLICENSED"
    },
    "node_modules/@topogram/generator-postgres-db": {
      "version": "0.1.6",
      "resolved": "https://registry.npmjs.org/@topogram/generator-postgres-db/-/generator-postgres-db-0.1.6.tgz",
      "integrity": "sha512-vCzjKqyiVz7z8w0yJPfbyMnAEXleekVRFko7eNuFEJnecQe8ddjnhI/r2kVzfQfeeNyzyZ6LAtcKQnm9WYmwYg==",
      "dev": true,
      "license": "UNLICENSED"
    },
    "node_modules/@topogram/generator-react-web": {
      "version": "0.1.5",
      "resolved": "https://registry.npmjs.org/@topogram/generator-react-web/-/generator-react-web-0.1.5.tgz",
      "integrity": "sha512-gBNY7X/vDQiQicwOd2EByo6RHArn6e9ysAcoliZ3pAW+hc0T2OpXD5Yb9HRjuHZASnm2dnATRIqhPGbQWqsLrw==",
      "dev": true,
      "license": "UNLICENSED"
    },
    "node_modules/@topogram/generator-sqlite-db": {
      "version": "0.1.2",
      "resolved": "https://registry.npmjs.org/@topogram/generator-sqlite-db/-/generator-sqlite-db-0.1.2.tgz",
      "integrity": "sha512-myjhgxiczl6pSreNpTFKU4Ibv4Dk2mDc6GO3AmbhgLYnO2cCo5mp1IS93S0J2Wg+2tMyYLGnVwLAQqKSw48+rw==",
      "dev": true,
      "license": "UNLICENSED"
    },
    "node_modules/@topogram/generator-sveltekit-web": {
      "version": "0.1.15",
      "resolved": "https://registry.npmjs.org/@topogram/generator-sveltekit-web/-/generator-sveltekit-web-0.1.15.tgz",
      "integrity": "sha512-CZ+orSzNajVXyv0bklOolgwL0q6DnNis0MMdTXZOKll38hF1elR3wlwneZAeWEuMGXiQP05a0+5DU6ICE9TtZw==",
      "dev": true,
      "license": "UNLICENSED"
    },
    "node_modules/@topogram/generator-vanilla-web": {
      "version": "0.1.2",
      "resolved": "https://registry.npmjs.org/@topogram/generator-vanilla-web/-/generator-vanilla-web-0.1.2.tgz",
      "integrity": "sha512-UfStOvCDYp8Lesmw3Tnut65V8edmXbHYlpTo3upL8fj5I+c38SnDNyy4VqOPIjzU0fD8ec1wkrc+ymqXTfJO6g==",
      "dev": true,
      "license": "Apache-2.0"
    },
    "node_modules/@topogram/starter-hello-api": {
      "resolved": "packages/hello-api",
      "link": true
    },
    "node_modules/@topogram/starter-hello-db": {
      "resolved": "packages/hello-db",
      "link": true
    },
    "node_modules/@topogram/starter-hello-web": {
      "resolved": "packages/hello-web",
      "link": true
    },
    "node_modules/@topogram/starter-web-api": {
      "resolved": "packages/web-api",
      "link": true
    },
    "node_modules/@topogram/starter-web-api-db": {
      "resolved": "packages/web-api-db",
      "link": true
    },
    "packages/hello-api": {
      "name": "@topogram/starter-hello-api",
      "version": "0.1.9",
      "license": "UNLICENSED",
      "devDependencies": {
        "@topogram/generator-hono-api": "0.2.7"
      }
    },
    "packages/hello-db": {
      "name": "@topogram/starter-hello-db",
      "version": "0.1.9",
      "license": "UNLICENSED",
      "devDependencies": {
        "@topogram/generator-sqlite-db": "0.1.2"
      }
    },
    "packages/hello-web": {
      "name": "@topogram/starter-hello-web",
      "version": "0.1.9",
      "license": "UNLICENSED",
      "devDependencies": {
        "@topogram/generator-vanilla-web": "0.1.2"
      }
    },
    "packages/web-api": {
      "name": "@topogram/starter-web-api",
      "version": "0.1.9",
      "license": "UNLICENSED",
      "devDependencies": {
        "@topogram/generator-express-api": "0.1.3",
        "@topogram/generator-react-web": "0.1.5"
      }
    },
    "packages/web-api-db": {
      "name": "@topogram/starter-web-api-db",
      "version": "0.1.9",
      "license": "UNLICENSED",
      "devDependencies": {
        "@topogram/generator-hono-api": "0.2.7",
        "@topogram/generator-postgres-db": "0.1.6",
        "@topogram/generator-sveltekit-web": "0.1.15"
      }
    }
  }
}
